
Microsoft Visual Studio Solution File, Format Version 12.00
# Visual Studio Version 16
VisualStudioVersion = 16.0.30406.217
MinimumVisualStudioVersion = 10.0.40219.1
Project("{9A19103F-16F7-4668-BE54-9A1E7A4F7556}") = "Project.WebAPI", "Project.WebAPI\Project.WebAPI.csproj", "{E2AF68ED-3D67-4506-881B-32AB37F46AF6}"
EndProject
Project("{9A19103F-16F7-4668-BE54-9A1E7A4F7556}") = "Project.DAL", "Project.DAL\Project.DAL.csproj", "{8B63C219-949D-4347-A6B6-B2CE9841334E}"
EndProject
Project("{9A19103F-16F7-4668-BE54-9A1E7A4F7556}") = "Project.Common", "Project.Common\Project.Common.csproj", "{C13B1001-A967-41DA-80AA-31B6AB9D348B}"
EndProject
Project("{FAE04EC0-301F-11D3-BF4B-00C04F79EFBC}") = "Project.Model.Common", "Project.Model.Common\Project.Model.Common.csproj", "{CADC34AF-1854-4B16-9802-A827A862EADE}"
EndProject
Project("{FAE04EC0-301F-11D3-BF4B-00C04F79EFBC}") = "Project.Model", "Project.Model\Project.Model.csproj", "{9965B934-BB46-4D8F-8D15-F86EB27EABCE}"
EndProject
Project("{FAE04EC0-301F-11D3-BF4B-00C04F79EFBC}") = "Project.Repository", "Project.Repository\Project.Repository.csproj", "{9C97FE5A-1057-4BBA-ABA2-4FACC56DA712}"
EndProject
Project("{FAE04EC0-301F-11D3-BF4B-00C04F79EFBC}") = "Project.Repository.Common", "Project.Repository.Common\Project.Repository.Common.csproj", "{55F01DCE-A332-437C-A4B6-47C93855012F}"
EndProject
Global
	GlobalSection(SolutionConfigurationPlatforms) = preSolution
		Debug|Any CPU = Debug|Any CPU
		Release|Any CPU = Release|Any CPU
	EndGlobalSection
	GlobalSection(ProjectConfigurationPlatforms) = postSolution
		{E2AF68ED-3D67-4506-881B-32AB37F46AF6}.Debug|Any CPU.ActiveCfg = Debug|Any CPU
		{E2AF68ED-3D67-4506-881B-32AB37F46AF6}.Debug|Any CPU.Build.0 = Debug|Any CPU
		{E2AF68ED-3D67-4506-881B-32AB37F46AF6}.Release|Any CPU.ActiveCfg = Release|Any CPU
		{E2AF68ED-3D67-4506-881B-32AB37F46AF6}.Release|Any CPU.Build.0 = Release|Any CPU
		{8B63C219-949D-4347-A6B6-B2CE9841334E}.Debug|Any CPU.ActiveCfg = Debug|Any CPU
		{8B63C219-949D-4347-A6B6-B2CE9841334E}.Debug|Any CPU.Build.0 = Debug|Any CPU
		{8B63C219-949D-4347-A6B6-B2CE9841334E}.Release|Any CPU.ActiveCfg = Release|Any CPU
		{8B63C219-949D-4347-A6B6-B2CE9841334E}.Release|Any CPU.Build.0 = Release|Any CPU
		{C13B1001-A967-41DA-80AA-31B6AB9D348B}.Debug|Any CPU.ActiveCfg = Debug|Any CPU
		{C13B1001-A967-41DA-80AA-31B6AB9D348B}.Debug|Any CPU.Build.0 = Debug|Any CPU
		{C13B1001-A967-41DA-80AA-31B6AB9D348B}.Release|Any CPU.ActiveCfg = Release|Any CPU
		{C13B1001-A967-41DA-80AA-31B6AB9D348B}.Release|Any CPU.Build.0 = Release|Any CPU
		{CADC34AF-1854-4B16-9802-A827A862EADE}.Debug|Any CPU.ActiveCfg = Debug|Any CPU
		{CADC34AF-1854-4B16-9802-A827A862EADE}.Debug|Any CPU.Build.0 = Debug|Any CPU
		{CADC34AF-1854-4B16-9802-A827A862EADE}.Release|Any CPU.ActiveCfg = Release|Any CPU
		{CADC34AF-1854-4B16-9802-A827A862EADE}.Release|Any CPU.Build.0 = Release|Any CPU
		{9965B934-BB46-4D8F-8D15-F86EB27EABCE}.Debug|Any CPU.ActiveCfg = Debug|Any CPU
		{9965B934-BB46-4D8F-8D15-F86EB27EABCE}.Debug|Any CPU.Build.0 = Debug|Any CPU
		{9965B934-BB46-4D8F-8D15-F86EB27EABCE}.Release|Any CPU.ActiveCfg = Release|Any CPU
		{9965B934-BB46-4D8F-8D15-F86EB27EABCE}.Release|Any CPU.Build.0 = Release|Any CPU
		{9C97FE5A-1057-4BBA-ABA2-4FACC56DA712}.Debug|Any CPU.ActiveCfg = Debug|Any CPU
		{9C97FE5A-1057-4BBA-ABA2-4FACC56DA712}.Debug|Any CPU.Build.0 = Debug|Any CPU
		{9C97FE5A-1057-4BBA-ABA2-4FACC56DA712}.Release|Any CPU.ActiveCfg = Release|Any CPU
		{9C97FE5A-1057-4BBA-ABA2-4FACC56DA712}.Release|Any CPU.Build.0 = Release|Any CPU
		{55F01DCE-A332-437C-A4B6-47C93855012F}.Debug|Any CPU.ActiveCfg = Debug|Any CPU
		{55F01DCE-A332-437C-A4B6-47C93855012F}.Debug|Any CPU.Build.0 = Debug|Any CPU
		{55F01DCE-A332-437C-A4B6-47C93855012F}.Release|Any CPU.ActiveCfg = Release|Any CPU
		{55F01DCE-A332-437C-A4B6-47C93855012F}.Release|Any CPU.Build.0 = Release|Any CPU
	EndGlobalSection
	GlobalSection(SolutionProperties) = preSolution
		HideSolutionNode = FALSE
	EndGlobalSection
	GlobalSection(ExtensibilityGlobals) = postSolution
		SolutionGuid = {E5C2A33B-E631-4A63-B6C6-8BA202F0B63E}
	EndGlobalSection
EndGlobal
